
Microsoft Visual Studio Solution File, Format Version 12.00
# Visual Studio 15
VisualStudioVersion = 15.0.28307.168
MinimumVisualStudioVersion = 10.0.40219.1
Project("{9A19103F-16F7-4668-BE54-9A1E7A4F7556}") = "RedisPooler", "RedisPooler\RedisPooler.csproj", "{F006C708-02A3-42F0-8101-ECFCCFCD387C}"
EndProject
Project("{2150E333-8FDC-42A3-9474-1A3956D46DE8}") = "Solution Items", "Solution Items", "{5DDD6D43-A790-4275-86D2-BFE273DD7AAD}"
	ProjectSection(SolutionItems) = preProject
		..\README.md = ..\README.md
	EndProjectSection
EndProject
Project("{9A19103F-16F7-4668-BE54-9A1E7A4F7556}") = "Test", "Test\Test.csproj", "{5D3FD77F-99A4-4FDE-B0E1-988BB074A30D}"
EndProject
Global
	GlobalSection(SolutionConfigurationPlatforms) = preSolution
		Debug|Any CPU = Debug|Any CPU
		Release|Any CPU = Release|Any CPU
	EndGlobalSection
	GlobalSection(ProjectConfigurationPlatforms) = postSolution
		{F006C708-02A3-42F0-8101-ECFCCFCD387C}.Debug|Any CPU.ActiveCfg = Debug|Any CPU
		{F006C708-02A3-42F0-8101-ECFCCFCD387C}.Debug|Any CPU.Build.0 = Debug|Any CPU
		{F006C708-02A3-42F0-8101-ECFCCFCD387C}.Release|Any CPU.ActiveCfg = Release|Any CPU
		{F006C708-02A3-42F0-8101-ECFCCFCD387C}.Release|Any CPU.Build.0 = Release|Any CPU
		{5D3FD77F-99A4-4FDE-B0E1-988BB074A30D}.Debug|Any CPU.ActiveCfg = Debug|Any CPU
		{5D3FD77F-99A4-4FDE-B0E1-988BB074A30D}.Debug|Any CPU.Build.0 = Debug|Any CPU
		{5D3FD77F-99A4-4FDE-B0E1-988BB074A30D}.Release|Any CPU.ActiveCfg = Release|Any CPU
		{5D3FD77F-99A4-4FDE-B0E1-988BB074A30D}.Release|Any CPU.Build.0 = Release|Any CPU
	EndGlobalSection
	GlobalSection(SolutionProperties) = preSolution
		HideSolutionNode = FALSE
	EndGlobalSection
	GlobalSection(ExtensibilityGlobals) = postSolution
		SolutionGuid = {B8A84523-48EF-4A71-8C1A-3F5DEFC3BC8E}
	EndGlobalSection
EndGlobal
