
Microsoft Visual Studio Solution File, Format Version 12.00
# Visual Studio Version 16
VisualStudioVersion = 16.0.29613.14
MinimumVisualStudioVersion = 10.0.40219.1
Project("{9A19103F-16F7-4668-BE54-9A1E7A4F7556}") = "RedisPooler", "RedisPooler\RedisPooler.csproj", "{F006C708-02A3-42F0-8101-ECFCCFCD387C}"
EndProject
Project("{2150E333-8FDC-42A3-9474-1A3956D46DE8}") = "Solution Items", "Solution Items", "{5DDD6D43-A790-4275-86D2-BFE273DD7AAD}"
	ProjectSection(SolutionItems) = preProject
		..\README.md = ..\README.md
	EndProjectSection
EndProject
Project("{FAE04EC0-301F-11D3-BF4B-00C04F79EFBC}") = "ConnectionPooler.Test.Unit", "ConnectionPoolerTsts\ConnectionPooler.Test.Unit.csproj", "{3F6231DA-4EEF-4A4D-B97D-A3DDE975543C}"
EndProject
Project("{FAE04EC0-301F-11D3-BF4B-00C04F79EFBC}") = "ConnectionPooler.Test.Integration", "ConnectionPooler.Test.Integration\ConnectionPooler.Test.Integration.csproj", "{F4F4DDFA-C95B-460E-A7A2-714A24D68662}"
EndProject
Global
	GlobalSection(SolutionConfigurationPlatforms) = preSolution
		Debug|Any CPU = Debug|Any CPU
		Release|Any CPU = Release|Any CPU
	EndGlobalSection
	GlobalSection(ProjectConfigurationPlatforms) = postSolution
		{F006C708-02A3-42F0-8101-ECFCCFCD387C}.Debug|Any CPU.ActiveCfg = Debug|Any CPU
		{F006C708-02A3-42F0-8101-ECFCCFCD387C}.Debug|Any CPU.Build.0 = Debug|Any CPU
		{F006C708-02A3-42F0-8101-ECFCCFCD387C}.Release|Any CPU.ActiveCfg = Release|Any CPU
		{F006C708-02A3-42F0-8101-ECFCCFCD387C}.Release|Any CPU.Build.0 = Release|Any CPU
		{3F6231DA-4EEF-4A4D-B97D-A3DDE975543C}.Debug|Any CPU.ActiveCfg = Debug|Any CPU
		{3F6231DA-4EEF-4A4D-B97D-A3DDE975543C}.Debug|Any CPU.Build.0 = Debug|Any CPU
		{3F6231DA-4EEF-4A4D-B97D-A3DDE975543C}.Release|Any CPU.ActiveCfg = Release|Any CPU
		{3F6231DA-4EEF-4A4D-B97D-A3DDE975543C}.Release|Any CPU.Build.0 = Release|Any CPU
		{F4F4DDFA-C95B-460E-A7A2-714A24D68662}.Debug|Any CPU.ActiveCfg = Debug|Any CPU
		{F4F4DDFA-C95B-460E-A7A2-714A24D68662}.Debug|Any CPU.Build.0 = Debug|Any CPU
		{F4F4DDFA-C95B-460E-A7A2-714A24D68662}.Release|Any CPU.ActiveCfg = Release|Any CPU
		{F4F4DDFA-C95B-460E-A7A2-714A24D68662}.Release|Any CPU.Build.0 = Release|Any CPU
	EndGlobalSection
	GlobalSection(SolutionProperties) = preSolution
		HideSolutionNode = FALSE
	EndGlobalSection
	GlobalSection(ExtensibilityGlobals) = postSolution
		SolutionGuid = {B8A84523-48EF-4A71-8C1A-3F5DEFC3BC8E}
	EndGlobalSection
EndGlobal
